
Microsoft Visual Studio Solution File, Format Version 12.00
# Visual Studio Version 17
VisualStudioVersion = 17.14.36414.22 d17.14
MinimumVisualStudioVersion = 10.0.40219.1
Project("{54A90642-561A-4BB1-A94E-469ADEE60C69}") = "WS4Streamer", "WS4Streamer.esproj", "{D7ECEF85-DD93-5334-F2C2-0D86F4787351}"
EndProject
Global
	GlobalSection(SolutionConfigurationPlatforms) = preSolution
		Debug|Any CPU = Debug|Any CPU
		Release|Any CPU = Release|Any CPU
	EndGlobalSection
	GlobalSection(ProjectConfigurationPlatforms) = postSolution
		{D7ECEF85-DD93-5334-F2C2-0D86F4787351}.Debug|Any CPU.ActiveCfg = Debug|Any CPU
		{D7ECEF85-DD93-5334-F2C2-0D86F4787351}.Debug|Any CPU.Build.0 = Debug|Any CPU
		{D7ECEF85-DD93-5334-F2C2-0D86F4787351}.Debug|Any CPU.Deploy.0 = Debug|Any CPU
		{D7ECEF85-DD93-5334-F2C2-0D86F4787351}.Release|Any CPU.ActiveCfg = Release|Any CPU
		{D7ECEF85-DD93-5334-F2C2-0D86F4787351}.Release|Any CPU.Build.0 = Release|Any CPU
		{D7ECEF85-DD93-5334-F2C2-0D86F4787351}.Release|Any CPU.Deploy.0 = Release|Any CPU
	EndGlobalSection
	GlobalSection(SolutionProperties) = preSolution
		HideSolutionNode = FALSE
	EndGlobalSection
	GlobalSection(ExtensibilityGlobals) = postSolution
		SolutionGuid = {F87F93A4-4499-41D9-9C1E-33987ADE9E66}
	EndGlobalSection
EndGlobal
